
Microsoft Visual Studio Solution File, Format Version 12.00
# Visual Studio Version 17
VisualStudioVersion = 17.2.32516.85
MinimumVisualStudioVersion = 10.0.40219.1
Project("{FAE04EC0-301F-11D3-BF4B-00C04F79EFBC}") = "BPMS-2", "BPMS-2\BPMS-2.csproj", "{1376290D-6F7E-42AB-84F8-D3E866CC0003}"
EndProject
Global
	GlobalSection(SolutionConfigurationPlatforms) = preSolution
		Debug|Any CPU = Debug|Any CPU
		Release|Any CPU = Release|Any CPU
	EndGlobalSection
	GlobalSection(ProjectConfigurationPlatforms) = postSolution
		{1376290D-6F7E-42AB-84F8-D3E866CC0003}.Debug|Any CPU.ActiveCfg = Debug|Any CPU
		{1376290D-6F7E-42AB-84F8-D3E866CC0003}.Debug|Any CPU.Build.0 = Debug|Any CPU
		{1376290D-6F7E-42AB-84F8-D3E866CC0003}.Release|Any CPU.ActiveCfg = Release|Any CPU
		{1376290D-6F7E-42AB-84F8-D3E866CC0003}.Release|Any CPU.Build.0 = Release|Any CPU
	EndGlobalSection
	GlobalSection(SolutionProperties) = preSolution
		HideSolutionNode = FALSE
	EndGlobalSection
	GlobalSection(ExtensibilityGlobals) = postSolution
		SolutionGuid = {88527170-A6E5-436E-8EC8-1C7A72E78B11}
	EndGlobalSection
EndGlobal
