
Microsoft Visual Studio Solution File, Format Version 12.00
# Visual Studio Version 17
VisualStudioVersion = 17.2.32516.85
MinimumVisualStudioVersion = 10.0.40219.1
Project("{FAE04EC0-301F-11D3-BF4B-00C04F79EFBC}") = "BPMS1", "BPMS1\BPMS1.csproj", "{B46B0D30-889C-4C95-89DC-4FD9DA94045F}"
EndProject
Global
	GlobalSection(SolutionConfigurationPlatforms) = preSolution
		Debug|Any CPU = Debug|Any CPU
		Release|Any CPU = Release|Any CPU
	EndGlobalSection
	GlobalSection(ProjectConfigurationPlatforms) = postSolution
		{B46B0D30-889C-4C95-89DC-4FD9DA94045F}.Debug|Any CPU.ActiveCfg = Debug|Any CPU
		{B46B0D30-889C-4C95-89DC-4FD9DA94045F}.Debug|Any CPU.Build.0 = Debug|Any CPU
		{B46B0D30-889C-4C95-89DC-4FD9DA94045F}.Release|Any CPU.ActiveCfg = Release|Any CPU
		{B46B0D30-889C-4C95-89DC-4FD9DA94045F}.Release|Any CPU.Build.0 = Release|Any CPU
	EndGlobalSection
	GlobalSection(SolutionProperties) = preSolution
		HideSolutionNode = FALSE
	EndGlobalSection
	GlobalSection(ExtensibilityGlobals) = postSolution
		SolutionGuid = {E5C9F130-B825-40B6-80AB-7E9D719422DF}
	EndGlobalSection
EndGlobal
